// !$*UTF8*$!
{
	archiveVersion = 1;
	classes = {
	};
	objectVersion = 46;
	objects = {

/* Begin PBXBuildFile section */
		9BAD9F6D99980F3400B45893 /* Pods_taskapp.framework in Frameworks */ = {isa = PBXBuildFile; fileRef = 45067D8304F700731EBE3C9A /* Pods_taskapp.framework */; };
		C93352DC1E95FAA300D5745A /* AppDelegate.swift in Sources */ = {isa = PBXBuildFile; fileRef = C93352DB1E95FAA300D5745A /* AppDelegate.swift */; };
		C93352DE1E95FAA300D5745A /* ViewController.swift in Sources */ = {isa = PBXBuildFile; fileRef = C93352DD1E95FAA300D5745A /* ViewController.swift */; };
		C93352E11E95FAA300D5745A /* Main.storyboard in Resources */ = {isa = PBXBuildFile; fileRef = C93352DF1E95FAA300D5745A /* Main.storyboard */; };
		C93352E31E95FAA300D5745A /* Assets.xcassets in Resources */ = {isa = PBXBuildFile; fileRef = C93352E21E95FAA300D5745A /* Assets.xcassets */; };
		C93352E61E95FAA300D5745A /* LaunchScreen.storyboard in Resources */ = {isa = PBXBuildFile; fileRef = C93352E41E95FAA300D5745A /* LaunchScreen.storyboard */; };
		C93352EE1E96009600D5745A /* InputViewController.swift in Sources */ = {isa = PBXBuildFile; fileRef = C93352ED1E96009600D5745A /* InputViewController.swift */; };
		C93352F21EA10EBD00D5745A /* Task.swift in Sources */ = {isa = PBXBuildFile; fileRef = C93352F11EA10EBD00D5745A /* Task.swift */; };
/* End PBXBuildFile section */

/* Begin PBXFileReference section */
		1299D2E2D74A60F00C67427A /* Pods-taskapp.debug.xcconfig */ = {isa = PBXFileReference; includeInIndex = 1; lastKnownFileType = text.xcconfig; name = "Pods-taskapp.debug.xcconfig"; path = "Pods/Target Support Files/Pods-taskapp/Pods-taskapp.debug.xcconfig"; sourceTree = "<group>"; };
		45067D8304F700731EBE3C9A /* Pods_taskapp.framework */ = {isa = PBXFileReference; explicitFileType = wrapper.framework; includeInIndex = 0; path = Pods_taskapp.framework; sourceTree = BUILT_PRODUCTS_DIR; };
		5576DB1A2481F938245DCC42 /* Pods-taskapp.release.xcconfig */ = {isa = PBXFileReference; includeInIndex = 1; lastKnownFileType = text.xcconfig; name = "Pods-taskapp.release.xcconfig"; path = "Pods/Target Support Files/Pods-taskapp/Pods-taskapp.release.xcconfig"; sourceTree = "<group>"; };
		C93352D81E95FAA300D5745A /* taskapp.app */ = {isa = PBXFileReference; explicitFileType = wrapper.application; includeInIndex = 0; path = taskapp.app; sourceTree = BUILT_PRODUCTS_DIR; };
		C93352DB1E95FAA300D5745A /* AppDelegate.swift */ = {isa = PBXFileReference; lastKnownFileType = sourcecode.swift; path = AppDelegate.swift; sourceTree = "<group>"; };
		C93352DD1E95FAA300D5745A /* ViewController.swift */ = {isa = PBXFileReference; lastKnownFileType = sourcecode.swift; path = ViewController.swift; sourceTree = "<group>"; };
		C93352E01E95FAA300D5745A /* Base */ = {isa = PBXFileReference; lastKnownFileType = file.storyboard; name = Base; path = Base.lproj/Main.storyboard; sourceTree = "<group>"; };
		C93352E21E95FAA300D5745A /* Assets.xcassets */ = {isa = PBXFileReference; lastKnownFileType = folder.assetcatalog; path = Assets.xcassets; sourceTree = "<group>"; };
		C93352E51E95FAA300D5745A /* Base */ = {isa = PBXFileReference; lastKnownFileType = file.storyboard; name = Base; path = Base.lproj/LaunchScreen.storyboard; sourceTree = "<group>"; };
		C93352E71E95FAA300D5745A /* Info.plist */ = {isa = PBXFileReference; lastKnownFileType = text.plist.xml; path = Info.plist; sourceTree = "<group>"; };
		C93352ED1E96009600D5745A /* InputViewController.swift */ = {isa = PBXFileReference; fileEncoding = 4; lastKnownFileType = sourcecode.swift; path = InputViewController.swift; sourceTree = "<group>"; };
		C93352F11EA10EBD00D5745A /* Task.swift */ = {isa = PBXFileReference; fileEncoding = 4; lastKnownFileType = sourcecode.swift; path = Task.swift; sourceTree = "<group>"; };
/* End PBXFileReference section */

/* Begin PBXFrameworksBuildPhase section */
		C93352D51E95FAA300D5745A /* Frameworks */ = {
			isa = PBXFrameworksBuildPhase;
			buildActionMask = 2147483647;
			files = (
				9BAD9F6D99980F3400B45893 /* Pods_taskapp.framework in Frameworks */,
			);
			runOnlyForDeploymentPostprocessing = 0;
		};
/* End PBXFrameworksBuildPhase section */

/* Begin PBXGroup section */
		C93352CF1E95FAA300D5745A = {
			isa = PBXGroup;
			children = (
				C93352DA1E95FAA300D5745A /* taskapp */,
				C93352D91E95FAA300D5745A /* Products */,
				CC41A0EC75B2D5161CC10BEB /* Pods */,
				F408D20C7DD5E2F29A680125 /* Frameworks */,
			);
			sourceTree = "<group>";
		};
		C93352D91E95FAA300D5745A /* Products */ = {
			isa = PBXGroup;
			children = (
				C93352D81E95FAA300D5745A /* taskapp.app */,
			);
			name = Products;
			sourceTree = "<group>";
		};
		C93352DA1E95FAA300D5745A /* taskapp */ = {
			isa = PBXGroup;
			children = (
				C93352DB1E95FAA300D5745A /* AppDelegate.swift */,
				C93352DF1E95FAA300D5745A /* Main.storyboard */,
				C93352DD1E95FAA300D5745A /* ViewController.swift */,
				C93352ED1E96009600D5745A /* InputViewController.swift */,
				C93352E21E95FAA300D5745A /* Assets.xcassets */,
				C93352E41E95FAA300D5745A /* LaunchScreen.storyboard */,
				C93352E71E95FAA300D5745A /* Info.plist */,
				C93352F11EA10EBD00D5745A /* Task.swift */,
			);
			path = taskapp;
			sourceTree = "<group>";
		};
		CC41A0EC75B2D5161CC10BEB /* Pods */ = {
			isa = PBXGroup;
			children = (
				1299D2E2D74A60F00C67427A /* Pods-taskapp.debug.xcconfig */,
				5576DB1A2481F938245DCC42 /* Pods-taskapp.release.xcconfig */,
			);
			name = Pods;
			sourceTree = "<group>";
		};
		F408D20C7DD5E2F29A680125 /* Frameworks */ = {
			isa = PBXGroup;
			children = (
				45067D8304F700731EBE3C9A /* Pods_taskapp.framework */,
			);
			name = Frameworks;
			sourceTree = "<group>";
		};
/* End PBXGroup section */

/* Begin PBXNativeTarget section */
		C93352D71E95FAA300D5745A /* taskapp */ = {
			isa = PBXNativeTarget;
			buildConfigurationList = C93352EA1E95FAA300D5745A /* Build configuration list for PBXNativeTarget "taskapp" */;
			buildPhases = (
				8490D29F488184BAA058CE07 /* [CP] Check Pods Manifest.lock */,
				C93352D41E95FAA300D5745A /* Sources */,
				C93352D51E95FAA300D5745A /* Frameworks */,
				C93352D61E95FAA300D5745A /* Resources */,
				B9796D4D5D4A65A57CE4D657 /* [CP] Embed Pods Frameworks */,
				9E10E9E0D5D0F533D0ADD5A0 /* [CP] Copy Pods Resources */,
			);
			buildRules = (
			);
			dependencies = (
			);
			name = taskapp;
			productName = taskapp;
			productReference = C93352D81E95FAA300D5745A /* taskapp.app */;
			productType = "com.apple.product-type.application";
		};
/* End PBXNativeTarget section */

/* Begin PBXProject section */
		C93352D01E95FAA300D5745A /* Project object */ = {
			isa = PBXProject;
			attributes = {
				LastSwiftUpdateCheck = 0830;
				LastUpgradeCheck = 0830;
				ORGANIZATIONNAME = "Shuta Kobayashi";
				TargetAttributes = {
					C93352D71E95FAA300D5745A = {
						CreatedOnToolsVersion = 8.3;
						DevelopmentTeam = J58EZ286ED;
						ProvisioningStyle = Automatic;
					};
				};
			};
			buildConfigurationList = C93352D31E95FAA300D5745A /* Build configuration list for PBXProject "taskapp" */;
			compatibilityVersion = "Xcode 3.2";
			developmentRegion = English;
			hasScannedForEncodings = 0;
			knownRegions = (
				en,
				Base,
			);
			mainGroup = C93352CF1E95FAA300D5745A;
			productRefGroup = C93352D91E95FAA300D5745A /* Products */;
			projectDirPath = "";
			projectRoot = "";
			targets = (
				C93352D71E95FAA300D5745A /* taskapp */,
			);
		};
/* End PBXProject section */

/* Begin PBXResourcesBuildPhase section */
		C93352D61E95FAA300D5745A /* Resources */ = {
			isa = PBXResourcesBuildPhase;
			buildActionMask = 2147483647;
			files = (
				C93352E61E95FAA300D5745A /* LaunchScreen.storyboard in Resources */,
				C93352E31E95FAA300D5745A /* Assets.xcassets in Resources */,
				C93352E11E95FAA300D5745A /* Main.storyboard in Resources */,
			);
			runOnlyForDeploymentPostprocessing = 0;
		};
/* End PBXResourcesBuildPhase section */

/* Begin PBXShellScriptBuildPhase section */
		8490D29F488184BAA058CE07 /* [CP] Check Pods Manifest.lock */ = {
			isa = PBXShellScriptBuildPhase;
			buildActionMask = 2147483647;
			files = (
			);
			inputPaths = (
			);
			name = "[CP] Check Pods Manifest.lock";
			outputPaths = (
			);
			runOnlyForDeploymentPostprocessing = 0;
			shellPath = /bin/sh;
			shellScript = "diff \"${PODS_ROOT}/../Podfile.lock\" \"${PODS_ROOT}/Manifest.lock\" > /dev/null\nif [ $? != 0 ] ; then\n    # print error to STDERR\n    echo \"error: The sandbox is not in sync with the Podfile.lock. Run 'pod install' or update your CocoaPods installation.\" >&2\n    exit 1\nfi\n";
			showEnvVarsInLog = 0;
		};
		9E10E9E0D5D0F533D0ADD5A0 /* [CP] Copy Pods Resources */ = {
			isa = PBXShellScriptBuildPhase;
			buildActionMask = 2147483647;
			files = (
			);
			inputPaths = (
			);
			name = "[CP] Copy Pods Resources";
			outputPaths = (
			);
			runOnlyForDeploymentPostprocessing = 0;
			shellPath = /bin/sh;
			shellScript = "\"${SRCROOT}/Pods/Target Support Files/Pods-taskapp/Pods-taskapp-resources.sh\"\n";
			showEnvVarsInLog = 0;
		};
		B9796D4D5D4A65A57CE4D657 /* [CP] Embed Pods Frameworks */ = {
			isa = PBXShellScriptBuildPhase;
			buildActionMask = 2147483647;
			files = (
			);
			inputPaths = (
			);
			name = "[CP] Embed Pods Frameworks";
			outputPaths = (
			);
			runOnlyForDeploymentPostprocessing = 0;
			shellPath = /bin/sh;
			shellScript = "\"${SRCROOT}/Pods/Target Support Files/Pods-taskapp/Pods-taskapp-frameworks.sh\"\n";
			showEnvVarsInLog = 0;
		};
/* End PBXShellScriptBuildPhase section */

/* Begin PBXSourcesBuildPhase section */
		C93352D41E95FAA300D5745A /* Sources */ = {
			isa = PBXSourcesBuildPhase;
			buildActionMask = 2147483647;
			files = (
				C93352F21EA10EBD00D5745A /* Task.swift in Sources */,
				C93352EE1E96009600D5745A /* InputViewController.swift in Sources */,
				C93352DE1E95FAA300D5745A /* ViewController.swift in Sources */,
				C93352DC1E95FAA300D5745A /* AppDelegate.swift in Sources */,
			);
			runOnlyForDeploymentPostprocessing = 0;
		};
/* End PBXSourcesBuildPhase section */

/* Begin PBXVariantGroup section */
		C93352DF1E95FAA300D5745A /* Main.storyboard */ = {
			isa = PBXVariantGroup;
			children = (
				C93352E01E95FAA300D5745A /* Base */,
			);
			name = Main.storyboard;
			sourceTree = "<group>";
		};
		C93352E41E95FAA300D5745A /* LaunchScreen.storyboard */ = {
			isa = PBXVariantGroup;
			children = (
				C93352E51E95FAA300D5745A /* Base */,
			);
			name = LaunchScreen.storyboard;
			sourceTree = "<group>";
		};
/* End PBXVariantGroup section */

/* Begin XCBuildConfiguration section */
		C93352E81E95FAA300D5745A /* Debug */ = {
			isa = XCBuildConfiguration;
			buildSettings = {
				ALWAYS_SEARCH_USER_PATHS = NO;
				CLANG_ANALYZER_NONNULL = YES;
				CLANG_ANALYZER_NUMBER_OBJECT_CONVERSION = YES_AGGRESSIVE;
				CLANG_CXX_LANGUAGE_STANDARD = "gnu++0x";
				CLANG_CXX_LIBRARY = "libc++";
				CLANG_ENABLE_MODULES = YES;
				CLANG_ENABLE_OBJC_ARC = YES;
				CLANG_WARN_BOOL_CONVERSION = YES;
				CLANG_WARN_CONSTANT_CONVERSION = YES;
				CLANG_WARN_DIRECT_OBJC_ISA_USAGE = YES_ERROR;
				CLANG_WARN_DOCUMENTATION_COMMENTS = YES;
				CLANG_WARN_EMPTY_BODY = YES;
				CLANG_WARN_ENUM_CONVERSION = YES;
				CLANG_WARN_INFINITE_RECURSION = YES;
				CLANG_WARN_INT_CONVERSION = YES;
				CLANG_WARN_OBJC_ROOT_CLASS = YES_ERROR;
				CLANG_WARN_SUSPICIOUS_MOVE = YES;
				CLANG_WARN_UNREACHABLE_CODE = YES;
				CLANG_WARN__DUPLICATE_METHOD_MATCH = YES;
				"CODE_SIGN_IDENTITY[sdk=iphoneos*]" = "iPhone Developer";
				COPY_PHASE_STRIP = NO;
				DEBUG_INFORMATION_FORMAT = dwarf;
				ENABLE_STRICT_OBJC_MSGSEND = YES;
				ENABLE_TESTABILITY = YES;
				GCC_C_LANGUAGE_STANDARD = gnu99;
				GCC_DYNAMIC_NO_PIC = NO;
				GCC_NO_COMMON_BLOCKS = YES;
				GCC_OPTIMIZATION_LEVEL = 0;
				GCC_PREPROCESSOR_DEFINITIONS = (
					"DEBUG=1",
					"$(inherited)",
				);
				GCC_WARN_64_TO_32_BIT_CONVERSION = YES;
				GCC_WARN_ABOUT_RETURN_TYPE = YES_ERROR;
				GCC_WARN_UNDECLARED_SELECTOR = YES;
				GCC_WARN_UNINITIALIZED_AUTOS = YES_AGGRESSIVE;
				GCC_WARN_UNUSED_FUNCTION = YES;
				GCC_WARN_UNUSED_VARIABLE = YES;
				IPHONEOS_DEPLOYMENT_TARGET = 10.3;
				MTL_ENABLE_DEBUG_INFO = YES;
				ONLY_ACTIVE_ARCH = YES;
				SDKROOT = iphoneos;
				SWIFT_ACTIVE_COMPILATION_CONDITIONS = DEBUG;
				SWIFT_OPTIMIZATION_LEVEL = "-Onone";
			};
			name = Debug;
		};
		C93352E91E95FAA300D5745A /* Release */ = {
			isa = XCBuildConfiguration;
			buildSettings = {
				ALWAYS_SEARCH_USER_PATHS = NO;
				CLANG_ANALYZER_NONNULL = YES;
				CLANG_ANALYZER_NUMBER_OBJECT_CONVERSION = YES_AGGRESSIVE;
				CLANG_CXX_LANGUAGE_STANDARD = "gnu++0x";
				CLANG_CXX_LIBRARY = "libc++";
				CLANG_ENABLE_MODULES = YES;
				CLANG_ENABLE_OBJC_ARC = YES;
				CLANG_WARN_BOOL_CONVERSION = YES;
				CLANG_WARN_CONSTANT_CONVERSION = YES;
				CLANG_WARN_DIRECT_OBJC_ISA_USAGE = YES_ERROR;
				CLANG_WARN_DOCUMENTATION_COMMENTS = YES;
				CLANG_WARN_EMPTY_BODY = YES;
				CLANG_WARN_ENUM_CONVERSION = YES;
				CLANG_WARN_INFINITE_RECURSION = YES;
				CLANG_WARN_INT_CONVERSION = YES;
				CLANG_WARN_OBJC_ROOT_CLASS = YES_ERROR;
				CLANG_WARN_SUSPICIOUS_MOVE = YES;
				CLANG_WARN_UNREACHABLE_CODE = YES;
				CLANG_WARN__DUPLICATE_METHOD_MATCH = YES;
				"CODE_SIGN_IDENTITY[sdk=iphoneos*]" = "iPhone Developer";
				COPY_PHASE_STRIP = NO;
				DEBUG_INFORMATION_FORMAT = "dwarf-with-dsym";
				ENABLE_NS_ASSERTIONS = NO;
				ENABLE_STRICT_OBJC_MSGSEND = YES;
				GCC_C_LANGUAGE_STANDARD = gnu99;
				GCC_NO_COMMON_BLOCKS = YES;
				GCC_WARN_64_TO_32_BIT_CONVERSION = YES;
				GCC_WARN_ABOUT_RETURN_TYPE = YES_ERROR;
				GCC_WARN_UNDECLARED_SELECTOR = YES;
				GCC_WARN_UNINITIALIZED_AUTOS = YES_AGGRESSIVE;
				GCC_WARN_UNUSED_FUNCTION = YES;
				GCC_WARN_UNUSED_VARIABLE = YES;
				IPHONEOS_DEPLOYMENT_TARGET = 10.3;
				MTL_ENABLE_DEBUG_INFO = NO;
				SDKROOT = iphoneos;
				SWIFT_OPTIMIZATION_LEVEL = "-Owholemodule";
				VALIDATE_PRODUCT = YES;
			};
			name = Release;
		};
		C93352EB1E95FAA300D5745A /* Debug */ = {
			isa = XCBuildConfiguration;
			baseConfigurationReference = 1299D2E2D74A60F00C67427A /* Pods-taskapp.debug.xcconfig */;
			buildSettings = {
				ASSETCATALOG_COMPILER_APPICON_NAME = AppIcon;
				DEVELOPMENT_TEAM = J58EZ286ED;
				INFOPLIST_FILE = taskapp/Info.plist;
				LD_RUNPATH_SEARCH_PATHS = "$(inherited) @executable_path/Frameworks";
				PRODUCT_BUNDLE_IDENTIFIER = "jp.techacademy.Shuta-Kobayashi.taskapp";
				PRODUCT_NAME = "$(TARGET_NAME)";
				SWIFT_VERSION = 3.0;
			};
			name = Debug;
		};
		C93352EC1E95FAA300D5745A /* Release */ = {
			isa = XCBuildConfiguration;
			baseConfigurationReference = 5576DB1A2481F938245DCC42 /* Pods-taskapp.release.xcconfig */;
			buildSettings = {
				ASSETCATALOG_COMPILER_APPICON_NAME = AppIcon;
				DEVELOPMENT_TEAM = J58EZ286ED;
				INFOPLIST_FILE = taskapp/Info.plist;
				LD_RUNPATH_SEARCH_PATHS = "$(inherited) @executable_path/Frameworks";
				PRODUCT_BUNDLE_IDENTIFIER = "jp.techacademy.Shuta-Kobayashi.taskapp";
				PRODUCT_NAME = "$(TARGET_NAME)";
				SWIFT_VERSION = 3.0;
			};
			name = Release;
		};
/* End XCBuildConfiguration section */

/* Begin XCConfigurationList section */
		C93352D31E95FAA300D5745A /* Build configuration list for PBXProject "taskapp" */ = {
			isa = XCConfigurationList;
			buildConfigurations = (
				C93352E81E95FAA300D5745A /* Debug */,
				C93352E91E95FAA300D5745A /* Release */,
			);
			defaultConfigurationIsVisible = 0;
			defaultConfigurationName = Release;
		};
		C93352EA1E95FAA300D5745A /* Build configuration list for PBXNativeTarget "taskapp" */ = {
			isa = XCConfigurationList;
			buildConfigurations = (
				C93352EB1E95FAA300D5745A /* Debug */,
				C93352EC1E95FAA300D5745A /* Release */,
			);
			defaultConfigurationIsVisible = 0;
			defaultConfigurationName = Release;
		};
/* End XCConfigurationList section */
	};
	rootObject = C93352D01E95FAA300D5745A /* Project object */;
}
